
Microsoft Visual Studio Solution File, Format Version 12.00
# Visual Studio Version 17
VisualStudioVersion = 17.14.36518.9 d17.14
MinimumVisualStudioVersion = 10.0.40219.1
Project("{FAE04EC0-301F-11D3-BF4B-00C04F79EFBC}") = "rzklad_na_scitance", "rzklad_na_scitance\rzklad_na_scitance.csproj", "{0ECC5B2B-6629-4E03-8EE4-1B130759D532}"
EndProject
Global
	GlobalSection(SolutionConfigurationPlatforms) = preSolution
		Debug|Any CPU = Debug|Any CPU
		Release|Any CPU = Release|Any CPU
	EndGlobalSection
	GlobalSection(ProjectConfigurationPlatforms) = postSolution
		{0ECC5B2B-6629-4E03-8EE4-1B130759D532}.Debug|Any CPU.ActiveCfg = Debug|Any CPU
		{0ECC5B2B-6629-4E03-8EE4-1B130759D532}.Debug|Any CPU.Build.0 = Debug|Any CPU
		{0ECC5B2B-6629-4E03-8EE4-1B130759D532}.Release|Any CPU.ActiveCfg = Release|Any CPU
		{0ECC5B2B-6629-4E03-8EE4-1B130759D532}.Release|Any CPU.Build.0 = Release|Any CPU
	EndGlobalSection
	GlobalSection(SolutionProperties) = preSolution
		HideSolutionNode = FALSE
	EndGlobalSection
	GlobalSection(ExtensibilityGlobals) = postSolution
		SolutionGuid = {C8D75D1A-3F6B-4F63-A337-B4F0D24EF995}
	EndGlobalSection
EndGlobal
