
Microsoft Visual Studio Solution File, Format Version 12.00
# Visual Studio Version 17
VisualStudioVersion = 17.11.35312.102
MinimumVisualStudioVersion = 10.0.40219.1
Project("{FAE04EC0-301F-11D3-BF4B-00C04F79EFBC}") = "zadani2", "zadani2\zadani2.csproj", "{31FFA8A5-2F00-42D0-A8A8-BDD9D5F39983}"
EndProject
Global
	GlobalSection(SolutionConfigurationPlatforms) = preSolution
		Debug|Any CPU = Debug|Any CPU
		Release|Any CPU = Release|Any CPU
	EndGlobalSection
	GlobalSection(ProjectConfigurationPlatforms) = postSolution
		{31FFA8A5-2F00-42D0-A8A8-BDD9D5F39983}.Debug|Any CPU.ActiveCfg = Debug|Any CPU
		{31FFA8A5-2F00-42D0-A8A8-BDD9D5F39983}.Debug|Any CPU.Build.0 = Debug|Any CPU
		{31FFA8A5-2F00-42D0-A8A8-BDD9D5F39983}.Release|Any CPU.ActiveCfg = Release|Any CPU
		{31FFA8A5-2F00-42D0-A8A8-BDD9D5F39983}.Release|Any CPU.Build.0 = Release|Any CPU
	EndGlobalSection
	GlobalSection(SolutionProperties) = preSolution
		HideSolutionNode = FALSE
	EndGlobalSection
	GlobalSection(ExtensibilityGlobals) = postSolution
		SolutionGuid = {5C104EA3-9ACD-41AB-8E31-4DFC7B291646}
	EndGlobalSection
EndGlobal
