
Microsoft Visual Studio Solution File, Format Version 12.00
# Visual Studio Version 17
VisualStudioVersion = 17.14.36518.9 d17.14
MinimumVisualStudioVersion = 10.0.40219.1
Project("{FAE04EC0-301F-11D3-BF4B-00C04F79EFBC}") = "Binární vyhledávání", "Binární vyhledávání\Binární vyhledávání.csproj", "{A3AD6B24-E49E-42E0-8D91-79C78A43810C}"
EndProject
Global
	GlobalSection(SolutionConfigurationPlatforms) = preSolution
		Debug|Any CPU = Debug|Any CPU
		Release|Any CPU = Release|Any CPU
	EndGlobalSection
	GlobalSection(ProjectConfigurationPlatforms) = postSolution
		{A3AD6B24-E49E-42E0-8D91-79C78A43810C}.Debug|Any CPU.ActiveCfg = Debug|Any CPU
		{A3AD6B24-E49E-42E0-8D91-79C78A43810C}.Debug|Any CPU.Build.0 = Debug|Any CPU
		{A3AD6B24-E49E-42E0-8D91-79C78A43810C}.Release|Any CPU.ActiveCfg = Release|Any CPU
		{A3AD6B24-E49E-42E0-8D91-79C78A43810C}.Release|Any CPU.Build.0 = Release|Any CPU
	EndGlobalSection
	GlobalSection(SolutionProperties) = preSolution
		HideSolutionNode = FALSE
	EndGlobalSection
	GlobalSection(ExtensibilityGlobals) = postSolution
		SolutionGuid = {D26E5B76-C397-49BD-9714-A40595DF11F5}
	EndGlobalSection
EndGlobal
