
Microsoft Visual Studio Solution File, Format Version 12.00
# Visual Studio Version 17
VisualStudioVersion = 17.14.36518.9 d17.14
MinimumVisualStudioVersion = 10.0.40219.1
Project("{FAE04EC0-301F-11D3-BF4B-00C04F79EFBC}") = "prvočíslo", "prvočíslo\prvočíslo.csproj", "{E851F305-20E6-456A-A72B-885EBD5D9D47}"
EndProject
Global
	GlobalSection(SolutionConfigurationPlatforms) = preSolution
		Debug|Any CPU = Debug|Any CPU
		Release|Any CPU = Release|Any CPU
	EndGlobalSection
	GlobalSection(ProjectConfigurationPlatforms) = postSolution
		{E851F305-20E6-456A-A72B-885EBD5D9D47}.Debug|Any CPU.ActiveCfg = Debug|Any CPU
		{E851F305-20E6-456A-A72B-885EBD5D9D47}.Debug|Any CPU.Build.0 = Debug|Any CPU
		{E851F305-20E6-456A-A72B-885EBD5D9D47}.Release|Any CPU.ActiveCfg = Release|Any CPU
		{E851F305-20E6-456A-A72B-885EBD5D9D47}.Release|Any CPU.Build.0 = Release|Any CPU
	EndGlobalSection
	GlobalSection(SolutionProperties) = preSolution
		HideSolutionNode = FALSE
	EndGlobalSection
	GlobalSection(ExtensibilityGlobals) = postSolution
		SolutionGuid = {5DA8D7D9-F15C-42CD-968B-85D8C0025E52}
	EndGlobalSection
EndGlobal
