
Microsoft Visual Studio Solution File, Format Version 12.00
# Visual Studio Version 17
VisualStudioVersion = 17.14.36518.9 d17.14
MinimumVisualStudioVersion = 10.0.40219.1
Project("{FAE04EC0-301F-11D3-BF4B-00C04F79EFBC}") = "RemoveFromEnd()", "RemoveFromEnd()\RemoveFromEnd().csproj", "{50AC3188-1B0B-4D38-A4A2-E47A2A1F3E81}"
EndProject
Global
	GlobalSection(SolutionConfigurationPlatforms) = preSolution
		Debug|Any CPU = Debug|Any CPU
		Release|Any CPU = Release|Any CPU
	EndGlobalSection
	GlobalSection(ProjectConfigurationPlatforms) = postSolution
		{50AC3188-1B0B-4D38-A4A2-E47A2A1F3E81}.Debug|Any CPU.ActiveCfg = Debug|Any CPU
		{50AC3188-1B0B-4D38-A4A2-E47A2A1F3E81}.Debug|Any CPU.Build.0 = Debug|Any CPU
		{50AC3188-1B0B-4D38-A4A2-E47A2A1F3E81}.Release|Any CPU.ActiveCfg = Release|Any CPU
		{50AC3188-1B0B-4D38-A4A2-E47A2A1F3E81}.Release|Any CPU.Build.0 = Release|Any CPU
	EndGlobalSection
	GlobalSection(SolutionProperties) = preSolution
		HideSolutionNode = FALSE
	EndGlobalSection
	GlobalSection(ExtensibilityGlobals) = postSolution
		SolutionGuid = {ABC0379C-AAED-46EB-9A29-B5A2EBAF2FE9}
	EndGlobalSection
EndGlobal
